// !$*UTF8*$!
{
	archiveVersion = 1;
	classes = {
	};
	objectVersion = 46;
	objects = {

/* Begin PBXBuildFile section */
		5F23700C133A6F66B49EE665 /* CommandsCommand.m in Sources */ = {isa = PBXBuildFile; fileRef = 5F237C5AC918DD0C832BAD48 /* CommandsCommand.m */; };
		5F23753FB45DD0EEE7DC7518 /* App.m in Sources */ = {isa = PBXBuildFile; fileRef = 5F237D5BBCB342ED4B4FAEB0 /* App.m */; };
		5F23760C5D20EA623FFDA631 /* HelpCommand.m in Sources */ = {isa = PBXBuildFile; fileRef = 5F23710DE89165C300E2019C /* HelpCommand.m */; };
		5F2379E0270F1354BD9D7970 /* main.m in Sources */ = {isa = PBXBuildFile; fileRef = 5F237DA74682CBBE0CA5F63C /* main.m */; };
		5F237BBC45B1633F1399B78E /* CommandLine.m in Sources */ = {isa = PBXBuildFile; fileRef = 5F237251B301124792B75D9E /* CommandLine.m */; };
		5F237FD2259B3C7F1ABD62D1 /* Utils.m in Sources */ = {isa = PBXBuildFile; fileRef = 5F23751025C2A3E0B376183D /* Utils.m */; };
/* End PBXBuildFile section */

/* Begin PBXCopyFilesBuildPhase section */
		5F237431A5096FFEB3690C95 /* CopyFiles */ = {
			isa = PBXCopyFilesBuildPhase;
			buildActionMask = 2147483647;
			dstPath = /usr/share/man/man1/;
			dstSubfolderSpec = 0;
			files = (
			);
			runOnlyForDeploymentPostprocessing = 1;
		};
/* End PBXCopyFilesBuildPhase section */

/* Begin PBXFileReference section */
		5F237027A0EA2FBC17BE1C54 /* ErrorCodes.h */ = {isa = PBXFileReference; fileEncoding = 4; lastKnownFileType = sourcecode.c.h; path = ErrorCodes.h; sourceTree = "<group>"; };
		5F23710DE89165C300E2019C /* HelpCommand.m */ = {isa = PBXFileReference; fileEncoding = 4; lastKnownFileType = sourcecode.c.objc; path = HelpCommand.m; sourceTree = "<group>"; };
		5F2371EDF9686006E764C217 /* Command.h */ = {isa = PBXFileReference; fileEncoding = 4; lastKnownFileType = sourcecode.c.h; path = Command.h; sourceTree = "<group>"; };
		5F237251B301124792B75D9E /* CommandLine.m */ = {isa = PBXFileReference; fileEncoding = 4; lastKnownFileType = sourcecode.c.objc; path = CommandLine.m; sourceTree = "<group>"; };
		5F237472D04420FE816356D7 /* App.h */ = {isa = PBXFileReference; fileEncoding = 4; lastKnownFileType = sourcecode.c.h; path = App.h; sourceTree = "<group>"; };
		5F23751025C2A3E0B376183D /* Utils.m */ = {isa = PBXFileReference; fileEncoding = 4; lastKnownFileType = sourcecode.c.objc; path = Utils.m; sourceTree = "<group>"; };
		5F2375A08C6AC000FC317BA5 /* CommandLine.h */ = {isa = PBXFileReference; fileEncoding = 4; lastKnownFileType = sourcecode.c.h; path = CommandLine.h; sourceTree = "<group>"; };
		5F2379F77FE24D8C092C05A4 /* CommandsCommand.h */ = {isa = PBXFileReference; fileEncoding = 4; lastKnownFileType = sourcecode.c.h; path = CommandsCommand.h; sourceTree = "<group>"; };
		5F237BB54F8E4033198297DD /* hc */ = {isa = PBXFileReference; explicitFileType = "compiled.mach-o.executable"; includeInIndex = 0; path = hc; sourceTree = BUILT_PRODUCTS_DIR; };
		5F237C104FFAC753FFFF6BD2 /* HelpCommand.h */ = {isa = PBXFileReference; fileEncoding = 4; lastKnownFileType = sourcecode.c.h; path = HelpCommand.h; sourceTree = "<group>"; };
		5F237C5AC918DD0C832BAD48 /* CommandsCommand.m */ = {isa = PBXFileReference; fileEncoding = 4; lastKnownFileType = sourcecode.c.objc; path = CommandsCommand.m; sourceTree = "<group>"; };
		5F237CFD7CE589370B0C52A0 /* Utils.h */ = {isa = PBXFileReference; fileEncoding = 4; lastKnownFileType = sourcecode.c.h; path = Utils.h; sourceTree = "<group>"; };
		5F237D5BBCB342ED4B4FAEB0 /* App.m */ = {isa = PBXFileReference; fileEncoding = 4; lastKnownFileType = sourcecode.c.objc; path = App.m; sourceTree = "<group>"; };
		5F237DA74682CBBE0CA5F63C /* main.m */ = {isa = PBXFileReference; lastKnownFileType = sourcecode.c.objc; path = main.m; sourceTree = "<group>"; };
/* End PBXFileReference section */

/* Begin PBXFrameworksBuildPhase section */
		5F237FF2DEEC5C1978AD27C5 /* Frameworks */ = {
			isa = PBXFrameworksBuildPhase;
			buildActionMask = 2147483647;
			files = (
			);
			runOnlyForDeploymentPostprocessing = 0;
		};
/* End PBXFrameworksBuildPhase section */

/* Begin PBXGroup section */
		5F2370173D74480E06F8BF7D /* Commands */ = {
			isa = PBXGroup;
			children = (
				5F2371EDF9686006E764C217 /* Command.h */,
				5F23710DE89165C300E2019C /* HelpCommand.m */,
				5F237C104FFAC753FFFF6BD2 /* HelpCommand.h */,
				5F237C5AC918DD0C832BAD48 /* CommandsCommand.m */,
				5F2379F77FE24D8C092C05A4 /* CommandsCommand.h */,
			);
			path = Commands;
			sourceTree = "<group>";
		};
		5F2372CC895C86FFD53C79FE = {
			isa = PBXGroup;
			children = (
				5F237DBE10470E9503A18635 /* Products */,
				5F237DE86E0FF11800758E6F /* hc */,
			);
			sourceTree = "<group>";
		};
		5F237DBE10470E9503A18635 /* Products */ = {
			isa = PBXGroup;
			children = (
				5F237BB54F8E4033198297DD /* hc */,
			);
			name = Products;
			sourceTree = "<group>";
		};
		5F237DE86E0FF11800758E6F /* hc */ = {
			isa = PBXGroup;
			children = (
				5F237DA74682CBBE0CA5F63C /* main.m */,
				5F237D5BBCB342ED4B4FAEB0 /* App.m */,
				5F237472D04420FE816356D7 /* App.h */,
				5F237251B301124792B75D9E /* CommandLine.m */,
				5F2375A08C6AC000FC317BA5 /* CommandLine.h */,
				5F2370173D74480E06F8BF7D /* Commands */,
				5F237027A0EA2FBC17BE1C54 /* ErrorCodes.h */,
				5F23751025C2A3E0B376183D /* Utils.m */,
				5F237CFD7CE589370B0C52A0 /* Utils.h */,
			);
			path = hc;
			sourceTree = "<group>";
		};
/* End PBXGroup section */

/* Begin PBXNativeTarget section */
		5F237C160765FC83B5D573DA /* hc */ = {
			isa = PBXNativeTarget;
			buildConfigurationList = 5F2378D2E65ECF8289C94787 /* Build configuration list for PBXNativeTarget "hc" */;
			buildPhases = (
				5F237E49AF0C534FF33ABA4B /* Sources */,
				5F237FF2DEEC5C1978AD27C5 /* Frameworks */,
				5F237431A5096FFEB3690C95 /* CopyFiles */,
			);
			buildRules = (
			);
			dependencies = (
			);
			name = hc;
			productName = hc;
			productReference = 5F237BB54F8E4033198297DD /* hc */;
			productType = "com.apple.product-type.tool";
		};
/* End PBXNativeTarget section */

/* Begin PBXProject section */
		5F237B162F11DDBA2630D5FA /* Project object */ = {
			isa = PBXProject;
			attributes = {
				ORGANIZATIONNAME = "Rob Warner";
			};
			buildConfigurationList = 5F237378A25849FBEEA03C8A /* Build configuration list for PBXProject "hc" */;
			compatibilityVersion = "Xcode 3.2";
			developmentRegion = English;
			hasScannedForEncodings = 0;
			knownRegions = (
				en,
			);
			mainGroup = 5F2372CC895C86FFD53C79FE;
			productRefGroup = 5F237DBE10470E9503A18635 /* Products */;
			projectDirPath = "";
			projectRoot = "";
			targets = (
				5F237C160765FC83B5D573DA /* hc */,
			);
		};
/* End PBXProject section */

/* Begin PBXSourcesBuildPhase section */
		5F237E49AF0C534FF33ABA4B /* Sources */ = {
			isa = PBXSourcesBuildPhase;
			buildActionMask = 2147483647;
			files = (
				5F2379E0270F1354BD9D7970 /* main.m in Sources */,
				5F23753FB45DD0EEE7DC7518 /* App.m in Sources */,
				5F237BBC45B1633F1399B78E /* CommandLine.m in Sources */,
				5F23760C5D20EA623FFDA631 /* HelpCommand.m in Sources */,
				5F237FD2259B3C7F1ABD62D1 /* Utils.m in Sources */,
				5F23700C133A6F66B49EE665 /* CommandsCommand.m in Sources */,
			);
			runOnlyForDeploymentPostprocessing = 0;
		};
/* End PBXSourcesBuildPhase section */

/* Begin XCBuildConfiguration section */
		5F23724C584299A3ECE84AE2 /* Debug */ = {
			isa = XCBuildConfiguration;
			buildSettings = {
				ALWAYS_SEARCH_USER_PATHS = NO;
				CLANG_CXX_LANGUAGE_STANDARD = "gnu++0x";
				CLANG_CXX_LIBRARY = "libc++";
				CLANG_ENABLE_MODULES = YES;
				CLANG_ENABLE_OBJC_ARC = YES;
				CLANG_WARN_BOOL_CONVERSION = YES;
				CLANG_WARN_CONSTANT_CONVERSION = YES;
				CLANG_WARN_DIRECT_OBJC_ISA_USAGE = YES_ERROR;
				CLANG_WARN_EMPTY_BODY = YES;
				CLANG_WARN_ENUM_CONVERSION = YES;
				CLANG_WARN_INT_CONVERSION = YES;
				CLANG_WARN_OBJC_ROOT_CLASS = YES_ERROR;
				CLANG_WARN_UNREACHABLE_CODE = YES;
				CLANG_WARN__DUPLICATE_METHOD_MATCH = YES;
				COPY_PHASE_STRIP = NO;
				ENABLE_STRICT_OBJC_MSGSEND = YES;
				GCC_C_LANGUAGE_STANDARD = gnu99;
				GCC_DYNAMIC_NO_PIC = NO;
				GCC_OPTIMIZATION_LEVEL = 0;
				GCC_PREPROCESSOR_DEFINITIONS = (
					"DEBUG=1",
					"$(inherited)",
				);
				GCC_SYMBOLS_PRIVATE_EXTERN = NO;
				GCC_WARN_64_TO_32_BIT_CONVERSION = YES;
				GCC_WARN_ABOUT_RETURN_TYPE = YES_ERROR;
				GCC_WARN_UNDECLARED_SELECTOR = YES;
				GCC_WARN_UNINITIALIZED_AUTOS = YES_AGGRESSIVE;
				GCC_WARN_UNUSED_FUNCTION = YES;
				GCC_WARN_UNUSED_VARIABLE = YES;
				MACOSX_DEPLOYMENT_TARGET = 10.10;
				MTL_ENABLE_DEBUG_INFO = YES;
				ONLY_ACTIVE_ARCH = YES;
				SDKROOT = macosx;
			};
			name = Debug;
		};
		5F23752396D5B8C242CC9626 /* Release */ = {
			isa = XCBuildConfiguration;
			buildSettings = {
				PRODUCT_NAME = "$(TARGET_NAME)";
			};
			name = Release;
		};
		5F237B2326937410E09D84E1 /* Release */ = {
			isa = XCBuildConfiguration;
			buildSettings = {
				ALWAYS_SEARCH_USER_PATHS = NO;
				CLANG_CXX_LANGUAGE_STANDARD = "gnu++0x";
				CLANG_CXX_LIBRARY = "libc++";
				CLANG_ENABLE_MODULES = YES;
				CLANG_ENABLE_OBJC_ARC = YES;
				CLANG_WARN_BOOL_CONVERSION = YES;
				CLANG_WARN_CONSTANT_CONVERSION = YES;
				CLANG_WARN_DIRECT_OBJC_ISA_USAGE = YES_ERROR;
				CLANG_WARN_EMPTY_BODY = YES;
				CLANG_WARN_ENUM_CONVERSION = YES;
				CLANG_WARN_INT_CONVERSION = YES;
				CLANG_WARN_OBJC_ROOT_CLASS = YES_ERROR;
				CLANG_WARN_UNREACHABLE_CODE = YES;
				CLANG_WARN__DUPLICATE_METHOD_MATCH = YES;
				COPY_PHASE_STRIP = YES;
				DEBUG_INFORMATION_FORMAT = "dwarf-with-dsym";
				ENABLE_NS_ASSERTIONS = NO;
				ENABLE_STRICT_OBJC_MSGSEND = YES;
				GCC_C_LANGUAGE_STANDARD = gnu99;
				GCC_WARN_64_TO_32_BIT_CONVERSION = YES;
				GCC_WARN_ABOUT_RETURN_TYPE = YES_ERROR;
				GCC_WARN_UNDECLARED_SELECTOR = YES;
				GCC_WARN_UNINITIALIZED_AUTOS = YES_AGGRESSIVE;
				GCC_WARN_UNUSED_FUNCTION = YES;
				GCC_WARN_UNUSED_VARIABLE = YES;
				MACOSX_DEPLOYMENT_TARGET = 10.10;
				MTL_ENABLE_DEBUG_INFO = NO;
				SDKROOT = macosx;
			};
			name = Release;
		};
		5F237CA2A9703B63E8B32EE6 /* Debug */ = {
			isa = XCBuildConfiguration;
			buildSettings = {
				PRODUCT_NAME = "$(TARGET_NAME)";
			};
			name = Debug;
		};
/* End XCBuildConfiguration section */

/* Begin XCConfigurationList section */
		5F237378A25849FBEEA03C8A /* Build configuration list for PBXProject "hc" */ = {
			isa = XCConfigurationList;
			buildConfigurations = (
				5F23724C584299A3ECE84AE2 /* Debug */,
				5F237B2326937410E09D84E1 /* Release */,
			);
			defaultConfigurationIsVisible = 0;
			defaultConfigurationName = Release;
		};
		5F2378D2E65ECF8289C94787 /* Build configuration list for PBXNativeTarget "hc" */ = {
			isa = XCConfigurationList;
			buildConfigurations = (
				5F237CA2A9703B63E8B32EE6 /* Debug */,
				5F23752396D5B8C242CC9626 /* Release */,
			);
			defaultConfigurationIsVisible = 0;
		};
/* End XCConfigurationList section */
	};
	rootObject = 5F237B162F11DDBA2630D5FA /* Project object */;
}
